// !$*UTF8*$!
{
	archiveVersion = 1;
	classes = {
	};
	objectVersion = 48;
	objects = {

/* Begin PBXBuildFile section */
		7170D400F2419309C6EBABCD /* Pods_ImgFinder.framework in Frameworks */ = {isa = PBXBuildFile; fileRef = C1E302FE37EDD2CED41E0AC5 /* Pods_ImgFinder.framework */; };
		AD3E40E920252DA00089415C /* AppDelegate.swift in Sources */ = {isa = PBXBuildFile; fileRef = AD3E40E820252DA00089415C /* AppDelegate.swift */; };
		AD3E40EB20252DA00089415C /* ImgurSearchController.swift in Sources */ = {isa = PBXBuildFile; fileRef = AD3E40EA20252DA00089415C /* ImgurSearchController.swift */; };
		AD3E40EE20252DA00089415C /* Main.storyboard in Resources */ = {isa = PBXBuildFile; fileRef = AD3E40EC20252DA00089415C /* Main.storyboard */; };
		AD3E40F020252DA00089415C /* Assets.xcassets in Resources */ = {isa = PBXBuildFile; fileRef = AD3E40EF20252DA00089415C /* Assets.xcassets */; };
		AD3E40F320252DA00089415C /* LaunchScreen.storyboard in Resources */ = {isa = PBXBuildFile; fileRef = AD3E40F120252DA00089415C /* LaunchScreen.storyboard */; };
		AD3E40FB202533360089415C /* ImgurManager.swift in Sources */ = {isa = PBXBuildFile; fileRef = AD3E40FA202533360089415C /* ImgurManager.swift */; };
		AD3E40FD202536040089415C /* Image.swift in Sources */ = {isa = PBXBuildFile; fileRef = AD3E40FC202536040089415C /* Image.swift */; };
		AD60D56720360E730062CEB0 /* CoreData.framework in Frameworks */ = {isa = PBXBuildFile; fileRef = AD60D56620360E730062CEB0 /* CoreData.framework */; };
		AD60D58F2036103F0062CEB0 /* History.xcdatamodeld in Sources */ = {isa = PBXBuildFile; fileRef = AD60D58D2036103F0062CEB0 /* History.xcdatamodeld */; };
		ADBFB20E203642CF008CE7CF /* ImageDownloader.swift in Sources */ = {isa = PBXBuildFile; fileRef = ADBFB20D203642CF008CE7CF /* ImageDownloader.swift */; };
		ADC50F192025481C00D4925B /* ImgurResponse.swift in Sources */ = {isa = PBXBuildFile; fileRef = ADC50F182025481C00D4925B /* ImgurResponse.swift */; };
		ADC50F1D2025716900D4925B /* ImageCell.swift in Sources */ = {isa = PBXBuildFile; fileRef = ADC50F1B2025716900D4925B /* ImageCell.swift */; };
		ADC50F1E2025716900D4925B /* ImageCell.xib in Resources */ = {isa = PBXBuildFile; fileRef = ADC50F1C2025716900D4925B /* ImageCell.xib */; };
		ADC50F202025996E00D4925B /* ImgurSearchViewModel.swift in Sources */ = {isa = PBXBuildFile; fileRef = ADC50F1F2025996E00D4925B /* ImgurSearchViewModel.swift */; };
		ADC50F282026738900D4925B /* SearchFooterView.swift in Sources */ = {isa = PBXBuildFile; fileRef = ADC50F262026738900D4925B /* SearchFooterView.swift */; };
		ADC50F292026738900D4925B /* SearchFooterView.xib in Resources */ = {isa = PBXBuildFile; fileRef = ADC50F272026738900D4925B /* SearchFooterView.xib */; };
		ADDDB202202786E70077D826 /* HistoryManager.swift in Sources */ = {isa = PBXBuildFile; fileRef = ADDDB201202786E70077D826 /* HistoryManager.swift */; };
/* End PBXBuildFile section */

/* Begin PBXFileReference section */
		56E51D629C70F643FEFB29DE /* Pods-ImgFinder.release.xcconfig */ = {isa = PBXFileReference; includeInIndex = 1; lastKnownFileType = text.xcconfig; name = "Pods-ImgFinder.release.xcconfig"; path = "Pods/Target Support Files/Pods-ImgFinder/Pods-ImgFinder.release.xcconfig"; sourceTree = "<group>"; };
		AD3E40E520252DA00089415C /* ImgFinder.app */ = {isa = PBXFileReference; explicitFileType = wrapper.application; includeInIndex = 0; path = ImgFinder.app; sourceTree = BUILT_PRODUCTS_DIR; };
		AD3E40E820252DA00089415C /* AppDelegate.swift */ = {isa = PBXFileReference; lastKnownFileType = sourcecode.swift; path = AppDelegate.swift; sourceTree = "<group>"; };
		AD3E40EA20252DA00089415C /* ImgurSearchController.swift */ = {isa = PBXFileReference; lastKnownFileType = sourcecode.swift; path = ImgurSearchController.swift; sourceTree = "<group>"; };
		AD3E40ED20252DA00089415C /* Base */ = {isa = PBXFileReference; lastKnownFileType = file.storyboard; name = Base; path = Base.lproj/Main.storyboard; sourceTree = "<group>"; };
		AD3E40EF20252DA00089415C /* Assets.xcassets */ = {isa = PBXFileReference; lastKnownFileType = folder.assetcatalog; path = Assets.xcassets; sourceTree = "<group>"; };
		AD3E40F220252DA00089415C /* Base */ = {isa = PBXFileReference; lastKnownFileType = file.storyboard; name = Base; path = Base.lproj/LaunchScreen.storyboard; sourceTree = "<group>"; };
		AD3E40F420252DA00089415C /* Info.plist */ = {isa = PBXFileReference; lastKnownFileType = text.plist.xml; path = Info.plist; sourceTree = "<group>"; };
		AD3E40FA202533360089415C /* ImgurManager.swift */ = {isa = PBXFileReference; lastKnownFileType = sourcecode.swift; path = ImgurManager.swift; sourceTree = "<group>"; };
		AD3E40FC202536040089415C /* Image.swift */ = {isa = PBXFileReference; lastKnownFileType = sourcecode.swift; path = Image.swift; sourceTree = "<group>"; };
		AD60D56620360E730062CEB0 /* CoreData.framework */ = {isa = PBXFileReference; lastKnownFileType = wrapper.framework; name = CoreData.framework; path = System/Library/Frameworks/CoreData.framework; sourceTree = SDKROOT; };
		AD60D58E2036103F0062CEB0 /* History.xcdatamodel */ = {isa = PBXFileReference; lastKnownFileType = wrapper.xcdatamodel; path = History.xcdatamodel; sourceTree = "<group>"; };
		ADBFB20D203642CF008CE7CF /* ImageDownloader.swift */ = {isa = PBXFileReference; lastKnownFileType = sourcecode.swift; path = ImageDownloader.swift; sourceTree = "<group>"; };
		ADC50F182025481C00D4925B /* ImgurResponse.swift */ = {isa = PBXFileReference; lastKnownFileType = sourcecode.swift; path = ImgurResponse.swift; sourceTree = "<group>"; };
		ADC50F1B2025716900D4925B /* ImageCell.swift */ = {isa = PBXFileReference; lastKnownFileType = sourcecode.swift; path = ImageCell.swift; sourceTree = "<group>"; };
		ADC50F1C2025716900D4925B /* ImageCell.xib */ = {isa = PBXFileReference; lastKnownFileType = file.xib; path = ImageCell.xib; sourceTree = "<group>"; };
		ADC50F1F2025996E00D4925B /* ImgurSearchViewModel.swift */ = {isa = PBXFileReference; lastKnownFileType = sourcecode.swift; path = ImgurSearchViewModel.swift; sourceTree = "<group>"; };
		ADC50F262026738900D4925B /* SearchFooterView.swift */ = {isa = PBXFileReference; lastKnownFileType = sourcecode.swift; path = SearchFooterView.swift; sourceTree = "<group>"; };
		ADC50F272026738900D4925B /* SearchFooterView.xib */ = {isa = PBXFileReference; lastKnownFileType = file.xib; path = SearchFooterView.xib; sourceTree = "<group>"; };
		ADDDB201202786E70077D826 /* HistoryManager.swift */ = {isa = PBXFileReference; lastKnownFileType = sourcecode.swift; path = HistoryManager.swift; sourceTree = "<group>"; };
		C1E302FE37EDD2CED41E0AC5 /* Pods_ImgFinder.framework */ = {isa = PBXFileReference; explicitFileType = wrapper.framework; includeInIndex = 0; path = Pods_ImgFinder.framework; sourceTree = BUILT_PRODUCTS_DIR; };
		CDF01D2DB8772FD247AD2F62 /* Pods-ImgFinder.debug.xcconfig */ = {isa = PBXFileReference; includeInIndex = 1; lastKnownFileType = text.xcconfig; name = "Pods-ImgFinder.debug.xcconfig"; path = "Pods/Target Support Files/Pods-ImgFinder/Pods-ImgFinder.debug.xcconfig"; sourceTree = "<group>"; };
/* End PBXFileReference section */

/* Begin PBXFrameworksBuildPhase section */
		AD3E40E220252DA00089415C /* Frameworks */ = {
			isa = PBXFrameworksBuildPhase;
			buildActionMask = 2147483647;
			files = (
				AD60D56720360E730062CEB0 /* CoreData.framework in Frameworks */,
				7170D400F2419309C6EBABCD /* Pods_ImgFinder.framework in Frameworks */,
			);
			runOnlyForDeploymentPostprocessing = 0;
		};
/* End PBXFrameworksBuildPhase section */

/* Begin PBXGroup section */
		ABCFD5D3186E9E7717AA5A72 /* Frameworks */ = {
			isa = PBXGroup;
			children = (
				AD60D56620360E730062CEB0 /* CoreData.framework */,
				C1E302FE37EDD2CED41E0AC5 /* Pods_ImgFinder.framework */,
			);
			name = Frameworks;
			sourceTree = "<group>";
		};
		AD3E40DC20252DA00089415C = {
			isa = PBXGroup;
			children = (
				AD3E40E720252DA00089415C /* ImgFinder */,
				AD3E40E620252DA00089415C /* Products */,
				F0738F511441C565EE5F3A89 /* Pods */,
				ABCFD5D3186E9E7717AA5A72 /* Frameworks */,
			);
			sourceTree = "<group>";
		};
		AD3E40E620252DA00089415C /* Products */ = {
			isa = PBXGroup;
			children = (
				AD3E40E520252DA00089415C /* ImgFinder.app */,
			);
			name = Products;
			sourceTree = "<group>";
		};
		AD3E40E720252DA00089415C /* ImgFinder */ = {
			isa = PBXGroup;
			children = (
				AD3E40E820252DA00089415C /* AppDelegate.swift */,
				AD3E40EA20252DA00089415C /* ImgurSearchController.swift */,
				ADC50F1F2025996E00D4925B /* ImgurSearchViewModel.swift */,
				AD3E40EC20252DA00089415C /* Main.storyboard */,
				AD3E40EF20252DA00089415C /* Assets.xcassets */,
				AD3E40F120252DA00089415C /* LaunchScreen.storyboard */,
				AD3E40F420252DA00089415C /* Info.plist */,
				AD3E40FA202533360089415C /* ImgurManager.swift */,
				ADC50F1A202564C400D4925B /* Models */,
				ADC50F212026696300D4925B /* Cells */,
				ADDDB201202786E70077D826 /* HistoryManager.swift */,
				ADBFB20D203642CF008CE7CF /* ImageDownloader.swift */,
			);
			path = ImgFinder;
			sourceTree = "<group>";
		};
		ADC50F1A202564C400D4925B /* Models */ = {
			isa = PBXGroup;
			children = (
				AD3E40FC202536040089415C /* Image.swift */,
				ADC50F182025481C00D4925B /* ImgurResponse.swift */,
				AD60D58D2036103F0062CEB0 /* History.xcdatamodeld */,
			);
			path = Models;
			sourceTree = "<group>";
		};
		ADC50F212026696300D4925B /* Cells */ = {
			isa = PBXGroup;
			children = (
				ADC50F1B2025716900D4925B /* ImageCell.swift */,
				ADC50F1C2025716900D4925B /* ImageCell.xib */,
				ADC50F262026738900D4925B /* SearchFooterView.swift */,
				ADC50F272026738900D4925B /* SearchFooterView.xib */,
			);
			path = Cells;
			sourceTree = "<group>";
		};
		F0738F511441C565EE5F3A89 /* Pods */ = {
			isa = PBXGroup;
			children = (
				CDF01D2DB8772FD247AD2F62 /* Pods-ImgFinder.debug.xcconfig */,
				56E51D629C70F643FEFB29DE /* Pods-ImgFinder.release.xcconfig */,
			);
			name = Pods;
			sourceTree = "<group>";
		};
/* End PBXGroup section */

/* Begin PBXNativeTarget section */
		AD3E40E420252DA00089415C /* ImgFinder */ = {
			isa = PBXNativeTarget;
			buildConfigurationList = AD3E40F720252DA00089415C /* Build configuration list for PBXNativeTarget "ImgFinder" */;
			buildPhases = (
				0B839BCD45859D39EB3E7DED /* [CP] Check Pods Manifest.lock */,
				AD3E40E120252DA00089415C /* Sources */,
				AD3E40E220252DA00089415C /* Frameworks */,
				AD3E40E320252DA00089415C /* Resources */,
				E85390BEF3798EEAF2390807 /* [CP] Embed Pods Frameworks */,
				909401DB65884CD6D3E06682 /* [CP] Copy Pods Resources */,
			);
			buildRules = (
			);
			dependencies = (
			);
			name = ImgFinder;
			productName = ImgFinder;
			productReference = AD3E40E520252DA00089415C /* ImgFinder.app */;
			productType = "com.apple.product-type.application";
		};
/* End PBXNativeTarget section */

/* Begin PBXProject section */
		AD3E40DD20252DA00089415C /* Project object */ = {
			isa = PBXProject;
			attributes = {
				LastSwiftUpdateCheck = 0920;
				LastUpgradeCheck = 0920;
				ORGANIZATIONNAME = "Cameron Jackson";
				TargetAttributes = {
					AD3E40E420252DA00089415C = {
						CreatedOnToolsVersion = 9.2;
						ProvisioningStyle = Automatic;
					};
				};
			};
			buildConfigurationList = AD3E40E020252DA00089415C /* Build configuration list for PBXProject "ImgFinder" */;
			compatibilityVersion = "Xcode 8.0";
			developmentRegion = en;
			hasScannedForEncodings = 0;
			knownRegions = (
				en,
				Base,
			);
			mainGroup = AD3E40DC20252DA00089415C;
			productRefGroup = AD3E40E620252DA00089415C /* Products */;
			projectDirPath = "";
			projectRoot = "";
			targets = (
				AD3E40E420252DA00089415C /* ImgFinder */,
			);
		};
/* End PBXProject section */

/* Begin PBXResourcesBuildPhase section */
		AD3E40E320252DA00089415C /* Resources */ = {
			isa = PBXResourcesBuildPhase;
			buildActionMask = 2147483647;
			files = (
				AD3E40F320252DA00089415C /* LaunchScreen.storyboard in Resources */,
				ADC50F1E2025716900D4925B /* ImageCell.xib in Resources */,
				AD3E40F020252DA00089415C /* Assets.xcassets in Resources */,
				ADC50F292026738900D4925B /* SearchFooterView.xib in Resources */,
				AD3E40EE20252DA00089415C /* Main.storyboard in Resources */,
			);
			runOnlyForDeploymentPostprocessing = 0;
		};
/* End PBXResourcesBuildPhase section */

/* Begin PBXShellScriptBuildPhase section */
		0B839BCD45859D39EB3E7DED /* [CP] Check Pods Manifest.lock */ = {
			isa = PBXShellScriptBuildPhase;
			buildActionMask = 2147483647;
			files = (
			);
			inputPaths = (
				"${PODS_PODFILE_DIR_PATH}/Podfile.lock",
				"${PODS_ROOT}/Manifest.lock",
			);
			name = "[CP] Check Pods Manifest.lock";
			outputPaths = (
				"$(DERIVED_FILE_DIR)/Pods-ImgFinder-checkManifestLockResult.txt",
			);
			runOnlyForDeploymentPostprocessing = 0;
			shellPath = /bin/sh;
			shellScript = "diff \"${PODS_PODFILE_DIR_PATH}/Podfile.lock\" \"${PODS_ROOT}/Manifest.lock\" > /dev/null\nif [ $? != 0 ] ; then\n    # print error to STDERR\n    echo \"error: The sandbox is not in sync with the Podfile.lock. Run 'pod install' or update your CocoaPods installation.\" >&2\n    exit 1\nfi\n# This output is used by Xcode 'outputs' to avoid re-running this script phase.\necho \"SUCCESS\" > \"${SCRIPT_OUTPUT_FILE_0}\"\n";
			showEnvVarsInLog = 0;
		};
		909401DB65884CD6D3E06682 /* [CP] Copy Pods Resources */ = {
			isa = PBXShellScriptBuildPhase;
			buildActionMask = 2147483647;
			files = (
			);
			inputPaths = (
			);
			name = "[CP] Copy Pods Resources";
			outputPaths = (
			);
			runOnlyForDeploymentPostprocessing = 0;
			shellPath = /bin/sh;
			shellScript = "\"${SRCROOT}/Pods/Target Support Files/Pods-ImgFinder/Pods-ImgFinder-resources.sh\"\n";
			showEnvVarsInLog = 0;
		};
		E85390BEF3798EEAF2390807 /* [CP] Embed Pods Frameworks */ = {
			isa = PBXShellScriptBuildPhase;
			buildActionMask = 2147483647;
			files = (
			);
			inputPaths = (
				"${SRCROOT}/Pods/Target Support Files/Pods-ImgFinder/Pods-ImgFinder-frameworks.sh",
				"${BUILT_PRODUCTS_DIR}/Kingfisher/Kingfisher.framework",
				"${BUILT_PRODUCTS_DIR}/SKPhotoBrowser/SKPhotoBrowser.framework",
			);
			name = "[CP] Embed Pods Frameworks";
			outputPaths = (
				"${TARGET_BUILD_DIR}/${FRAMEWORKS_FOLDER_PATH}/Kingfisher.framework",
				"${TARGET_BUILD_DIR}/${FRAMEWORKS_FOLDER_PATH}/SKPhotoBrowser.framework",
			);
			runOnlyForDeploymentPostprocessing = 0;
			shellPath = /bin/sh;
			shellScript = "\"${SRCROOT}/Pods/Target Support Files/Pods-ImgFinder/Pods-ImgFinder-frameworks.sh\"\n";
			showEnvVarsInLog = 0;
		};
/* End PBXShellScriptBuildPhase section */

/* Begin PBXSourcesBuildPhase section */
		AD3E40E120252DA00089415C /* Sources */ = {
			isa = PBXSourcesBuildPhase;
			buildActionMask = 2147483647;
			files = (
				AD3E40EB20252DA00089415C /* ImgurSearchController.swift in Sources */,
				ADC50F282026738900D4925B /* SearchFooterView.swift in Sources */,
				AD3E40FD202536040089415C /* Image.swift in Sources */,
				AD60D58F2036103F0062CEB0 /* History.xcdatamodeld in Sources */,
				ADDDB202202786E70077D826 /* HistoryManager.swift in Sources */,
				ADC50F202025996E00D4925B /* ImgurSearchViewModel.swift in Sources */,
				ADBFB20E203642CF008CE7CF /* ImageDownloader.swift in Sources */,
				ADC50F192025481C00D4925B /* ImgurResponse.swift in Sources */,
				AD3E40E920252DA00089415C /* AppDelegate.swift in Sources */,
				AD3E40FB202533360089415C /* ImgurManager.swift in Sources */,
				ADC50F1D2025716900D4925B /* ImageCell.swift in Sources */,
			);
			runOnlyForDeploymentPostprocessing = 0;
		};
/* End PBXSourcesBuildPhase section */

/* Begin PBXVariantGroup section */
		AD3E40EC20252DA00089415C /* Main.storyboard */ = {
			isa = PBXVariantGroup;
			children = (
				AD3E40ED20252DA00089415C /* Base */,
			);
			name = Main.storyboard;
			sourceTree = "<group>";
		};
		AD3E40F120252DA00089415C /* LaunchScreen.storyboard */ = {
			isa = PBXVariantGroup;
			children = (
				AD3E40F220252DA00089415C /* Base */,
			);
			name = LaunchScreen.storyboard;
			sourceTree = "<group>";
		};
/* End PBXVariantGroup section */

/* Begin XCBuildConfiguration section */
		AD3E40F520252DA00089415C /* Debug */ = {
			isa = XCBuildConfiguration;
			buildSettings = {
				ALWAYS_SEARCH_USER_PATHS = NO;
				CLANG_ANALYZER_NONNULL = YES;
				CLANG_ANALYZER_NUMBER_OBJECT_CONVERSION = YES_AGGRESSIVE;
				CLANG_CXX_LANGUAGE_STANDARD = "gnu++14";
				CLANG_CXX_LIBRARY = "libc++";
				CLANG_ENABLE_MODULES = YES;
				CLANG_ENABLE_OBJC_ARC = YES;
				CLANG_WARN_BLOCK_CAPTURE_AUTORELEASING = YES;
				CLANG_WARN_BOOL_CONVERSION = YES;
				CLANG_WARN_COMMA = YES;
				CLANG_WARN_CONSTANT_CONVERSION = YES;
				CLANG_WARN_DIRECT_OBJC_ISA_USAGE = YES_ERROR;
				CLANG_WARN_DOCUMENTATION_COMMENTS = YES;
				CLANG_WARN_EMPTY_BODY = YES;
				CLANG_WARN_ENUM_CONVERSION = YES;
				CLANG_WARN_INFINITE_RECURSION = YES;
				CLANG_WARN_INT_CONVERSION = YES;
				CLANG_WARN_NON_LITERAL_NULL_CONVERSION = YES;
				CLANG_WARN_OBJC_LITERAL_CONVERSION = YES;
				CLANG_WARN_OBJC_ROOT_CLASS = YES_ERROR;
				CLANG_WARN_RANGE_LOOP_ANALYSIS = YES;
				CLANG_WARN_STRICT_PROTOTYPES = YES;
				CLANG_WARN_SUSPICIOUS_MOVE = YES;
				CLANG_WARN_UNGUARDED_AVAILABILITY = YES_AGGRESSIVE;
				CLANG_WARN_UNREACHABLE_CODE = YES;
				CLANG_WARN__DUPLICATE_METHOD_MATCH = YES;
				CODE_SIGN_IDENTITY = "iPhone Developer";
				COPY_PHASE_STRIP = NO;
				DEBUG_INFORMATION_FORMAT = dwarf;
				ENABLE_STRICT_OBJC_MSGSEND = YES;
				ENABLE_TESTABILITY = YES;
				GCC_C_LANGUAGE_STANDARD = gnu11;
				GCC_DYNAMIC_NO_PIC = NO;
				GCC_NO_COMMON_BLOCKS = YES;
				GCC_OPTIMIZATION_LEVEL = 0;
				GCC_PREPROCESSOR_DEFINITIONS = (
					"DEBUG=1",
					"$(inherited)",
				);
				GCC_WARN_64_TO_32_BIT_CONVERSION = YES;
				GCC_WARN_ABOUT_RETURN_TYPE = YES_ERROR;
				GCC_WARN_UNDECLARED_SELECTOR = YES;
				GCC_WARN_UNINITIALIZED_AUTOS = YES_AGGRESSIVE;
				GCC_WARN_UNUSED_FUNCTION = YES;
				GCC_WARN_UNUSED_VARIABLE = YES;
				IPHONEOS_DEPLOYMENT_TARGET = 11.2;
				MTL_ENABLE_DEBUG_INFO = YES;
				ONLY_ACTIVE_ARCH = YES;
				SDKROOT = iphoneos;
				SWIFT_ACTIVE_COMPILATION_CONDITIONS = DEBUG;
				SWIFT_OPTIMIZATION_LEVEL = "-Onone";
			};
			name = Debug;
		};
		AD3E40F620252DA00089415C /* Release */ = {
			isa = XCBuildConfiguration;
			buildSettings = {
				ALWAYS_SEARCH_USER_PATHS = NO;
				CLANG_ANALYZER_NONNULL = YES;
				CLANG_ANALYZER_NUMBER_OBJECT_CONVERSION = YES_AGGRESSIVE;
				CLANG_CXX_LANGUAGE_STANDARD = "gnu++14";
				CLANG_CXX_LIBRARY = "libc++";
				CLANG_ENABLE_MODULES = YES;
				CLANG_ENABLE_OBJC_ARC = YES;
				CLANG_WARN_BLOCK_CAPTURE_AUTORELEASING = YES;
				CLANG_WARN_BOOL_CONVERSION = YES;
				CLANG_WARN_COMMA = YES;
				CLANG_WARN_CONSTANT_CONVERSION = YES;
				CLANG_WARN_DIRECT_OBJC_ISA_USAGE = YES_ERROR;
				CLANG_WARN_DOCUMENTATION_COMMENTS = YES;
				CLANG_WARN_EMPTY_BODY = YES;
				CLANG_WARN_ENUM_CONVERSION = YES;
				CLANG_WARN_INFINITE_RECURSION = YES;
				CLANG_WARN_INT_CONVERSION = YES;
				CLANG_WARN_NON_LITERAL_NULL_CONVERSION = YES;
				CLANG_WARN_OBJC_LITERAL_CONVERSION = YES;
				CLANG_WARN_OBJC_ROOT_CLASS = YES_ERROR;
				CLANG_WARN_RANGE_LOOP_ANALYSIS = YES;
				CLANG_WARN_STRICT_PROTOTYPES = YES;
				CLANG_WARN_SUSPICIOUS_MOVE = YES;
				CLANG_WARN_UNGUARDED_AVAILABILITY = YES_AGGRESSIVE;
				CLANG_WARN_UNREACHABLE_CODE = YES;
				CLANG_WARN__DUPLICATE_METHOD_MATCH = YES;
				CODE_SIGN_IDENTITY = "iPhone Developer";
				COPY_PHASE_STRIP = NO;
				DEBUG_INFORMATION_FORMAT = "dwarf-with-dsym";
				ENABLE_NS_ASSERTIONS = NO;
				ENABLE_STRICT_OBJC_MSGSEND = YES;
				GCC_C_LANGUAGE_STANDARD = gnu11;
				GCC_NO_COMMON_BLOCKS = YES;
				GCC_WARN_64_TO_32_BIT_CONVERSION = YES;
				GCC_WARN_ABOUT_RETURN_TYPE = YES_ERROR;
				GCC_WARN_UNDECLARED_SELECTOR = YES;
				GCC_WARN_UNINITIALIZED_AUTOS = YES_AGGRESSIVE;
				GCC_WARN_UNUSED_FUNCTION = YES;
				GCC_WARN_UNUSED_VARIABLE = YES;
				IPHONEOS_DEPLOYMENT_TARGET = 11.2;
				MTL_ENABLE_DEBUG_INFO = NO;
				SDKROOT = iphoneos;
				SWIFT_OPTIMIZATION_LEVEL = "-Owholemodule";
				VALIDATE_PRODUCT = YES;
			};
			name = Release;
		};
		AD3E40F820252DA00089415C /* Debug */ = {
			isa = XCBuildConfiguration;
			baseConfigurationReference = CDF01D2DB8772FD247AD2F62 /* Pods-ImgFinder.debug.xcconfig */;
			buildSettings = {
				ASSETCATALOG_COMPILER_APPICON_NAME = AppIcon;
				CODE_SIGN_STYLE = Automatic;
				DEVELOPMENT_TEAM = 9Z75PJJYDP;
				INFOPLIST_FILE = ImgFinder/Info.plist;
				LD_RUNPATH_SEARCH_PATHS = "$(inherited) @executable_path/Frameworks";
				PRODUCT_BUNDLE_IDENTIFIER = com.cameron.ImgFinder;
				PRODUCT_NAME = "$(TARGET_NAME)";
				SWIFT_VERSION = 4.0;
				TARGETED_DEVICE_FAMILY = "1,2";
			};
			name = Debug;
		};
		AD3E40F920252DA00089415C /* Release */ = {
			isa = XCBuildConfiguration;
			baseConfigurationReference = 56E51D629C70F643FEFB29DE /* Pods-ImgFinder.release.xcconfig */;
			buildSettings = {
				ASSETCATALOG_COMPILER_APPICON_NAME = AppIcon;
				CODE_SIGN_STYLE = Automatic;
				DEVELOPMENT_TEAM = 9Z75PJJYDP;
				INFOPLIST_FILE = ImgFinder/Info.plist;
				LD_RUNPATH_SEARCH_PATHS = "$(inherited) @executable_path/Frameworks";
				PRODUCT_BUNDLE_IDENTIFIER = com.cameron.ImgFinder;
				PRODUCT_NAME = "$(TARGET_NAME)";
				SWIFT_VERSION = 4.0;
				TARGETED_DEVICE_FAMILY = "1,2";
			};
			name = Release;
		};
/* End XCBuildConfiguration section */

/* Begin XCConfigurationList section */
		AD3E40E020252DA00089415C /* Build configuration list for PBXProject "ImgFinder" */ = {
			isa = XCConfigurationList;
			buildConfigurations = (
				AD3E40F520252DA00089415C /* Debug */,
				AD3E40F620252DA00089415C /* Release */,
			);
			defaultConfigurationIsVisible = 0;
			defaultConfigurationName = Release;
		};
		AD3E40F720252DA00089415C /* Build configuration list for PBXNativeTarget "ImgFinder" */ = {
			isa = XCConfigurationList;
			buildConfigurations = (
				AD3E40F820252DA00089415C /* Debug */,
				AD3E40F920252DA00089415C /* Release */,
			);
			defaultConfigurationIsVisible = 0;
			defaultConfigurationName = Release;
		};
/* End XCConfigurationList section */

/* Begin XCVersionGroup section */
		AD60D58D2036103F0062CEB0 /* History.xcdatamodeld */ = {
			isa = XCVersionGroup;
			children = (
				AD60D58E2036103F0062CEB0 /* History.xcdatamodel */,
			);
			currentVersion = AD60D58E2036103F0062CEB0 /* History.xcdatamodel */;
			path = History.xcdatamodeld;
			sourceTree = "<group>";
			versionGroupType = wrapper.xcdatamodel;
		};
/* End XCVersionGroup section */
	};
	rootObject = AD3E40DD20252DA00089415C /* Project object */;
}
